Microsoft Visual Studio Solution File, Format Version 11.00
# Visual Studio 2008

Project("{F69BA105-EFD5-A431-6D26-6BC5F6979030}") = "AnimoSalem", "Assembly-CSharp.csproj", "{F6D706E5-6578-E065-70FC-4C9854EF27C7}"
EndProject
Global
	GlobalSection(SolutionConfigurationPlatforms) = preSolution
		Debug|Any CPU = Debug|Any CPU
		Release|Any CPU = Release|Any CPU
	EndGlobalSection
	GlobalSection(ProjectConfigurationPlatforms) = postSolution
		{F6D706E5-6578-E065-70FC-4C9854EF27C7}.Debug|Any CPU.ActiveCfg = Debug|Any CPU
		{F6D706E5-6578-E065-70FC-4C9854EF27C7}.Debug|Any CPU.Build.0 = Debug|Any CPU
		{F6D706E5-6578-E065-70FC-4C9854EF27C7}.Release|Any CPU.ActiveCfg = Release|Any CPU
		{F6D706E5-6578-E065-70FC-4C9854EF27C7}.Release|Any CPU.Build.0 = Release|Any CPU
	EndGlobalSection
	GlobalSection(SolutionProperties) = preSolution
		HideSolutionNode = FALSE
	EndGlobalSection
	GlobalSection(MonoDevelopProperties) = preSolution
		StartupItem = Assembly-CSharp.csproj
	EndGlobalSection
EndGlobal
